
Microsoft Visual Studio Solution File, Format Version 12.00
# Visual Studio Version 17
VisualStudioVersion = 17.11.35303.130
MinimumVisualStudioVersion = 10.0.40219.1
Project("{FAE04EC0-301F-11D3-BF4B-00C04F79EFBC}") = "pr7_trpo_1_KMA", "pr7_trpo_1_KMA.csproj", "{A6D771D4-48CC-4997-8251-BFB37A7C8439}"
EndProject
Global
	GlobalSection(SolutionConfigurationPlatforms) = preSolution
		Debug|Any CPU = Debug|Any CPU
		Release|Any CPU = Release|Any CPU
	EndGlobalSection
	GlobalSection(ProjectConfigurationPlatforms) = postSolution
		{A6D771D4-48CC-4997-8251-BFB37A7C8439}.Debug|Any CPU.ActiveCfg = Debug|Any CPU
		{A6D771D4-48CC-4997-8251-BFB37A7C8439}.Debug|Any CPU.Build.0 = Debug|Any CPU
		{A6D771D4-48CC-4997-8251-BFB37A7C8439}.Release|Any CPU.ActiveCfg = Release|Any CPU
		{A6D771D4-48CC-4997-8251-BFB37A7C8439}.Release|Any CPU.Build.0 = Release|Any CPU
	EndGlobalSection
	GlobalSection(SolutionProperties) = preSolution
		HideSolutionNode = FALSE
	EndGlobalSection
	GlobalSection(ExtensibilityGlobals) = postSolution
		SolutionGuid = {12BC841D-C795-404B-B68C-C57A3B39FD9C}
	EndGlobalSection
EndGlobal
